{
  "object": {
    "pins": [
      {
        "package": "Auth",
        "repositoryURL": "https://github.com/vapor/auth.git",
        "state": {
          "branch": null,
          "revision": "90868627c7587ea207c0b6d4054265e68f6a33ef",
          "version": "2.0.1"
        }
      },
      {
        "package": "Cgd",
        "repositoryURL": "https://github.com/twostraws/Cgd.git",
        "state": {
          "branch": null,
          "revision": "2e370814715c3557bb1cbdcd96e610ce29e83e45",
          "version": "0.2.0"
        }
      },
      {
        "package": "Console",
        "repositoryURL": "https://github.com/vapor/console.git",
        "state": {
          "branch": null,
          "revision": "5b9796d39f201b3dd06800437abd9d774a455e57",
          "version": "3.0.2"
        }
      },
      {
        "package": "Core",
        "repositoryURL": "https://github.com/vapor/core.git",
        "state": {
          "branch": null,
          "revision": "96ce86ebf9198328795c4b9cb711489460be083c",
          "version": "3.4.4"
        }
      },
      {
        "package": "Crypto",
        "repositoryURL": "https://github.com/vapor/crypto.git",
        "state": {
          "branch": null,
          "revision": "5605334590affd4785a5839806b4504407e054ac",
          "version": "3.3.0"
        }
      },
      {
        "package": "DatabaseKit",
        "repositoryURL": "https://github.com/vapor/database-kit.git",
        "state": {
          "branch": null,
          "revision": "3a17dbbe9be5f8c37703e4b7982c1332ad6b00c4",
          "version": "1.3.1"
        }
      },
      {
        "package": "Fluent",
        "repositoryURL": "https://github.com/vapor/fluent.git",
        "state": {
          "branch": null,
          "revision": "dc258fe53880f80508df317df3c903ee2c2b9317",
          "version": "3.1.0"
        }
      },
      {
        "package": "FluentMySQL",
        "repositoryURL": "https://github.com/vapor/fluent-mysql.git",
        "state": {
          "branch": null,
          "revision": "2e2f6ea6a97d0b352cf55e6ec289dc1276a6b31a",
          "version": "3.0.1"
        }
      },
      {
        "package": "HTTP",
        "repositoryURL": "https://github.com/vapor/http.git",
        "state": {
          "branch": null,
          "revision": "272b22be8cb3364e42a4701c2e0676e37480ec5a",
          "version": "3.1.5"
        }
      },
      {
        "package": "JSON",
        "repositoryURL": "https://github.com/skelpo/JSON.git",
        "state": {
          "branch": null,
          "revision": "59167bee35bfeb588d76f54b6fd50d797d3be980",
          "version": "0.13.1"
        }
      },
      {
        "package": "JWT",
        "repositoryURL": "https://github.com/vapor/jwt.git",
        "state": {
          "branch": null,
          "revision": "2e225c722bf26407c1c4bd11d341e48759f46095",
          "version": "3.0.0"
        }
      },
      {
        "package": "JWTMiddleware",
        "repositoryURL": "https://github.com/skelpo/JWTMiddleware.git",
        "state": {
          "branch": null,
          "revision": "696b3ea49a4548484d28f79cc2c8bd10751ccb27",
          "version": "0.8.2"
        }
      },
      {
        "package": "JWTVapor",
        "repositoryURL": "https://github.com/skelpo/JWTVapor.git",
        "state": {
          "branch": null,
          "revision": "41c81ce5934e50ffaebaa6750d27c900659d3f22",
          "version": "0.11.2"
        }
      },
      {
        "package": "Multipart",
        "repositoryURL": "https://github.com/vapor/multipart.git",
        "state": {
          "branch": null,
          "revision": "e57007c23a52b68e44ebdfc70cbe882a7c4f1ec3",
          "version": "3.0.2"
        }
      },
      {
        "package": "MySQL",
        "repositoryURL": "https://github.com/vapor/mysql.git",
        "state": {
          "branch": null,
          "revision": "355fdc8c60a4869026ff8f19e21f5d5bdbb08e62",
          "version": "3.1.0"
        }
      },
      {
        "package": "PayPal",
        "repositoryURL": "https://github.com/skelpo/PayPal.git",
        "state": {
          "branch": null,
          "revision": "176d5065145d82458b98cee268cc01bf6ebe9aec",
          "version": "0.1.0"
        }
      },
      {
        "package": "Routing",
        "repositoryURL": "https://github.com/vapor/routing.git",
        "state": {
          "branch": null,
          "revision": "3219e328491b0853b8554c5a694add344d2c6cfb",
          "version": "3.0.1"
        }
      },
      {
        "package": "Service",
        "repositoryURL": "https://github.com/vapor/service.git",
        "state": {
          "branch": null,
          "revision": "281a70b69783891900be31a9e70051b6fe19e146",
          "version": "1.0.0"
        }
      },
      {
        "package": "SQL",
        "repositoryURL": "https://github.com/vapor/sql.git",
        "state": {
          "branch": null,
          "revision": "a35cf1dced4ddd32bb2dc8b6e765aea7bcf8d6e0",
          "version": "2.1.0"
        }
      },
      {
        "package": "Stripe",
        "repositoryURL": "https://github.com/vapor-community/stripe-provider.git",
        "state": {
          "branch": null,
          "revision": "f153cfe204ef92265d94eb66f2fcf6cf2b0ced13",
          "version": "2.2.4"
        }
      },
      {
        "package": "swift-nio",
        "repositoryURL": "https://github.com/apple/swift-nio.git",
        "state": {
          "branch": null,
          "revision": "5d8148c8b45dfb449276557f22120694567dd1d2",
          "version": "1.9.5"
        }
      },
      {
        "package": "swift-nio-ssl",
        "repositoryURL": "https://github.com/apple/swift-nio-ssl.git",
        "state": {
          "branch": null,
          "revision": "8380fa29a2af784b067d8ee01c956626ca29f172",
          "version": "1.3.1"
        }
      },
      {
        "package": "swift-nio-ssl-support",
        "repositoryURL": "https://github.com/apple/swift-nio-ssl-support.git",
        "state": {
          "branch": null,
          "revision": "c02eec4e0e6d351cd092938cf44195a8e669f555",
          "version": "1.0.0"
        }
      },
      {
        "package": "swift-nio-zlib-support",
        "repositoryURL": "https://github.com/apple/swift-nio-zlib-support.git",
        "state": {
          "branch": null,
          "revision": "37760e9a52030bb9011972c5213c3350fa9d41fd",
          "version": "1.0.0"
        }
      },
      {
        "package": "SwiftGD",
        "repositoryURL": "https://github.com/twostraws/SwiftGD.git",
        "state": {
          "branch": null,
          "revision": "b038d13ef40ce6d11aa3599181e45f099814a053",
          "version": "2.2.0"
        }
      },
      {
        "package": "TemplateKit",
        "repositoryURL": "https://github.com/vapor/template-kit.git",
        "state": {
          "branch": null,
          "revision": "db35b1c35aabd0f5db3abca0cfda7becfe9c43e2",
          "version": "1.1.0"
        }
      },
      {
        "package": "Transaction",
        "repositoryURL": "https://github.com/skelpo/Transaction.git",
        "state": {
          "branch": null,
          "revision": "ad0d3f69c76aec75372fa472576ea46a01524b2e",
          "version": "0.5.0"
        }
      },
      {
        "package": "TransactionPayPal",
        "repositoryURL": "https://github.com/skelpo/TransactionPayPal.git",
        "state": {
          "branch": null,
          "revision": "1ff1b0178dafdc60e89bd2fa94aa5bccf4ddb649",
          "version": "0.1.0"
        }
      },
      {
        "package": "TransactionStripe",
        "repositoryURL": "https://github.com/skelpo/TransactionStripe.git",
        "state": {
          "branch": null,
          "revision": "5f8057651d379b5b7e508038f4a8fa8365f7e31c",
          "version": "0.2.0"
        }
      },
      {
        "package": "URLEncodedForm",
        "repositoryURL": "https://github.com/vapor/url-encoded-form.git",
        "state": {
          "branch": null,
          "revision": "932024f363ee5ff59059cf7d67194a1c271d3d0c",
          "version": "1.0.5"
        }
      },
      {
        "package": "Validation",
        "repositoryURL": "https://github.com/vapor/validation.git",
        "state": {
          "branch": null,
          "revision": "156f8adeac3440e868da3757777884efbc6ec0cc",
          "version": "2.1.0"
        }
      },
      {
        "package": "Vapor",
        "repositoryURL": "https://github.com/vapor/vapor.git",
        "state": {
          "branch": null,
          "revision": "157d3b15336caa882662cc75024dd04b2e225246",
          "version": "3.1.0"
        }
      },
      {
        "package": "VaporRequestStorage",
        "repositoryURL": "https://github.com/skelpo/vapor-request-storage.git",
        "state": {
          "branch": null,
          "revision": "8b78db172e07c6d616b85966177f195bed3936b2",
          "version": "0.4.0"
        }
      },
      {
        "package": "WebSocket",
        "repositoryURL": "https://github.com/vapor/websocket.git",
        "state": {
          "branch": null,
          "revision": "eb4277f75f1d96a3d15c852cdd89af1799093dcd",
          "version": "1.1.0"
        }
      }
    ]
  },
  "version": 1
}
